
Microsoft Visual Studio Solution File, Format Version 12.00
# Visual Studio Version 16
VisualStudioVersion = 16.0.32106.194
MinimumVisualStudioVersion = 10.0.40219.1
Project("{FAE04EC0-301F-11D3-BF4B-00C04F79EFBC}") = "LoopsAndRandomNumbers", "LoopsAndRandomNumbers\LoopsAndRandomNumbers.csproj", "{449AE1EB-A2BB-4F25-8DB3-9C0D75FF30BA}"
EndProject
Project("{FAE04EC0-301F-11D3-BF4B-00C04F79EFBC}") = "PINInfinitel", "PINInfinitel\PINInfinitel.csproj", "{7DC9B9A1-1E0B-4517-A8E2-A7120869649B}"
EndProject
Project("{FAE04EC0-301F-11D3-BF4B-00C04F79EFBC}") = "RandomNumber", "RandomNumber\RandomNumber.csproj", "{07865090-601B-4D99-9204-8B4DAF0E291A}"
EndProject
Project("{FAE04EC0-301F-11D3-BF4B-00C04F79EFBC}") = "GuessingGameInfinite", "GuessingGameInfinite\GuessingGameInfinite.csproj", "{31C4A409-30E5-4CAF-8A9E-D9130F70A983}"
EndProject
Project("{FAE04EC0-301F-11D3-BF4B-00C04F79EFBC}") = "GuessingGameThreeTries", "GuessingGameThreeTries\GuessingGameThreeTries.csproj", "{6A6C94E6-5999-4A39-836C-4D36B41087E3}"
EndProject
Global
	GlobalSection(SolutionConfigurationPlatforms) = preSolution
		Debug|Any CPU = Debug|Any CPU
		Release|Any CPU = Release|Any CPU
	EndGlobalSection
	GlobalSection(ProjectConfigurationPlatforms) = postSolution
		{449AE1EB-A2BB-4F25-8DB3-9C0D75FF30BA}.Debug|Any CPU.ActiveCfg = Debug|Any CPU
		{449AE1EB-A2BB-4F25-8DB3-9C0D75FF30BA}.Debug|Any CPU.Build.0 = Debug|Any CPU
		{449AE1EB-A2BB-4F25-8DB3-9C0D75FF30BA}.Release|Any CPU.ActiveCfg = Release|Any CPU
		{449AE1EB-A2BB-4F25-8DB3-9C0D75FF30BA}.Release|Any CPU.Build.0 = Release|Any CPU
		{7DC9B9A1-1E0B-4517-A8E2-A7120869649B}.Debug|Any CPU.ActiveCfg = Debug|Any CPU
		{7DC9B9A1-1E0B-4517-A8E2-A7120869649B}.Debug|Any CPU.Build.0 = Debug|Any CPU
		{7DC9B9A1-1E0B-4517-A8E2-A7120869649B}.Release|Any CPU.ActiveCfg = Release|Any CPU
		{7DC9B9A1-1E0B-4517-A8E2-A7120869649B}.Release|Any CPU.Build.0 = Release|Any CPU
		{07865090-601B-4D99-9204-8B4DAF0E291A}.Debug|Any CPU.ActiveCfg = Debug|Any CPU
		{07865090-601B-4D99-9204-8B4DAF0E291A}.Debug|Any CPU.Build.0 = Debug|Any CPU
		{07865090-601B-4D99-9204-8B4DAF0E291A}.Release|Any CPU.ActiveCfg = Release|Any CPU
		{07865090-601B-4D99-9204-8B4DAF0E291A}.Release|Any CPU.Build.0 = Release|Any CPU
		{31C4A409-30E5-4CAF-8A9E-D9130F70A983}.Debug|Any CPU.ActiveCfg = Debug|Any CPU
		{31C4A409-30E5-4CAF-8A9E-D9130F70A983}.Debug|Any CPU.Build.0 = Debug|Any CPU
		{31C4A409-30E5-4CAF-8A9E-D9130F70A983}.Release|Any CPU.ActiveCfg = Release|Any CPU
		{31C4A409-30E5-4CAF-8A9E-D9130F70A983}.Release|Any CPU.Build.0 = Release|Any CPU
		{6A6C94E6-5999-4A39-836C-4D36B41087E3}.Debug|Any CPU.ActiveCfg = Debug|Any CPU
		{6A6C94E6-5999-4A39-836C-4D36B41087E3}.Debug|Any CPU.Build.0 = Debug|Any CPU
		{6A6C94E6-5999-4A39-836C-4D36B41087E3}.Release|Any CPU.ActiveCfg = Release|Any CPU
		{6A6C94E6-5999-4A39-836C-4D36B41087E3}.Release|Any CPU.Build.0 = Release|Any CPU
	EndGlobalSection
	GlobalSection(SolutionProperties) = preSolution
		HideSolutionNode = FALSE
	EndGlobalSection
	GlobalSection(ExtensibilityGlobals) = postSolution
		SolutionGuid = {13CE4371-00EC-4639-8FAB-5F9F8C482F51}
	EndGlobalSection
EndGlobal
